
Microsoft Visual Studio Solution File, Format Version 12.00
# Visual Studio Version 17
VisualStudioVersion = 17.6.33815.320
MinimumVisualStudioVersion = 10.0.40219.1
Project("{FAE04EC0-301F-11D3-BF4B-00C04F79EFBC}") = "Unidad1-Act1", "Unidad1-Act1\Unidad1-Act1.csproj", "{B62A973F-D973-47BA-A721-BF8EE35307AA}"
EndProject
Global
	GlobalSection(SolutionConfigurationPlatforms) = preSolution
		Debug|Any CPU = Debug|Any CPU
		Release|Any CPU = Release|Any CPU
	EndGlobalSection
	GlobalSection(ProjectConfigurationPlatforms) = postSolution
		{B62A973F-D973-47BA-A721-BF8EE35307AA}.Debug|Any CPU.ActiveCfg = Debug|Any CPU
		{B62A973F-D973-47BA-A721-BF8EE35307AA}.Debug|Any CPU.Build.0 = Debug|Any CPU
		{B62A973F-D973-47BA-A721-BF8EE35307AA}.Release|Any CPU.ActiveCfg = Release|Any CPU
		{B62A973F-D973-47BA-A721-BF8EE35307AA}.Release|Any CPU.Build.0 = Release|Any CPU
	EndGlobalSection
	GlobalSection(SolutionProperties) = preSolution
		HideSolutionNode = FALSE
	EndGlobalSection
	GlobalSection(ExtensibilityGlobals) = postSolution
		SolutionGuid = {2C246C0B-0FF2-4EB2-9C07-4A5D0D2682BB}
	EndGlobalSection
EndGlobal
